{
  "version": 1,
  "dependencies": {
    "net10.0": {
      "Microsoft.NET.Test.Sdk": {
        "type": "Direct",
        "requested": "[17.14.1, )",
        "resolved": "17.14.1",
        "contentHash": "HJKqKOE+vshXra2aEHpi2TlxYX7Z9VFYkr+E5rwEvHC8eIXiyO+K9kNm8vmNom3e2rA56WqxU+/N9NJlLGXsJQ==",
        "dependencies": {
          "Microsoft.CodeCoverage": "17.14.1",
          "Microsoft.TestPlatform.TestHost": "17.14.1"
        }
      },
      "NATS.Client.JetStream": {
        "type": "Direct",
        "requested": "[2.8.0, )",
        "resolved": "2.8.0",
        "contentHash": "BhfKO8IY6FQYmq1pX7iBn9McFR+Ww9zW1pO3vghD996IqkixCShudb6XKJRBcTSwOh6+yWZNau8UmQGBHVFY7g==",
        "dependencies": {
          "NATS.Client.Core": "2.8.0"
        }
      },
      "Npgsql": {
        "type": "Direct",
        "requested": "[10.0.2, )",
        "resolved": "10.0.2",
        "contentHash": "q5RfBI+wywJSFUNDE1L4ZbHEHCFTblo8Uf6A6oe4feOUFYiUQXyAf9GBh5qEZpvJaHiEbpBPkQumjEhXCJxdrg=="
      },
      "Testcontainers.Nats": {
        "type": "Direct",
        "requested": "[4.7.0, )",
        "resolved": "4.7.0",
        "contentHash": "J04HPesksxSFVN+CXsoCe2zon10HQ2jcvv0tM/Y0/MgnZB6ThHCO6ADsZaoO63TmBGjW6FRRefldHWawYIOt0A==",
        "dependencies": {
          "Testcontainers": "4.7.0"
        }
      },
      "Testcontainers.PostgreSql": {
        "type": "Direct",
        "requested": "[4.7.0, )",
        "resolved": "4.7.0",
        "contentHash": "RwR8cZIWaZLFYtXtIlwjMbGwUcbdQqcJj6zuUNN+RQooDmkbAlrp5WpPwVkMDSdNTi4BF3wiMnsw62j20OI6FA==",
        "dependencies": {
          "Testcontainers": "4.7.0"
        }
      },
      "xunit": {
        "type": "Direct",
        "requested": "[2.9.3, )",
        "resolved": "2.9.3",
        "contentHash": "TlXQBinK35LpOPKHAqbLY4xlEen9TBafjs0V5KnA4wZsoQLQJiirCR4CbIXvOH8NzkW4YeJKP5P/Bnrodm0h9Q==",
        "dependencies": {
          "xunit.analyzers": "1.18.0",
          "xunit.assert": "2.9.3",
          "xunit.core": "[2.9.3]"
        }
      },
      "xunit.runner.visualstudio": {
        "type": "Direct",
        "requested": "[3.1.5, )",
        "resolved": "3.1.5",
        "contentHash": "tKi7dSTwP4m5m9eXPM2Ime4Kn7xNf4x4zT9sdLO/G4hZVnQCRiMTWoSZqI/pYTVeI27oPPqHBKYI/DjJ9GsYgA=="
      },
      "BouncyCastle.Cryptography": {
        "type": "Transitive",
        "resolved": "2.4.0",
        "contentHash": "SwXsAV3sMvAU/Nn31pbjhWurYSjJ+/giI/0n6tCrYoupEK34iIHCuk3STAd9fx8yudM85KkLSVdn951vTng/vQ=="
      },
      "Docker.DotNet.Enhanced": {
        "type": "Transitive",
        "resolved": "3.128.5",
        "contentHash": "RmhcxDmS/zEuWhV9XA5M/xwFinfGe8IRyyNuEu/7EmnLam35dxlIXabi1Kp/MeEWr1fNPjPFrgxKieZfPeOOqw=="
      },
      "Docker.DotNet.Enhanced.X509": {
        "type": "Transitive",
        "resolved": "3.128.5",
        "contentHash": "ofHQIPpv5HillvBZwk66wEGzHjV/G/771Ta1HjbOtcG8+Lv3bKNH19+fa+hgMzO4sZQCWGDIXygyDralePOKQA==",
        "dependencies": {
          "Docker.DotNet.Enhanced": "3.128.5"
        }
      },
      "Microsoft.CodeCoverage": {
        "type": "Transitive",
        "resolved": "17.14.1",
        "contentHash": "pmTrhfFIoplzFVbhVwUquT+77CbGH+h4/3mBpdmIlYtBi9nAB+kKI6dN3A/nV4DFi3wLLx/BlHIPK+MkbQ6Tpg=="
      },
      "Microsoft.EntityFrameworkCore": {
        "type": "Transitive",
        "resolved": "10.0.5",
        "contentHash": "9tNBmK3EpYVGRQLiqP+bqK2m+TD0Gv//4vCzR7ZOgl4FWzCFyOpYdIVka13M4kcBdPdSJcs3wbHr3rmzOqbIMA==",
        "dependencies": {
          "Microsoft.EntityFrameworkCore.Abstractions": "10.0.5",
          "Microsoft.EntityFrameworkCore.Analyzers": "10.0.5"
        }
      },
      "Microsoft.EntityFrameworkCore.Abstractions": {
        "type": "Transitive",
        "resolved": "10.0.5",
        "contentHash": "32c58Rnm47Qvhimawf67KO9PytgPz3QoWye7Abapt0Yocw/JnzMiSNj/pRoIKyn8Jxypkv86zxKD4Q/zNTc0Ag=="
      },
      "Microsoft.EntityFrameworkCore.Analyzers": {
        "type": "Transitive",
        "resolved": "10.0.5",
        "contentHash": "ipC4u1VojgEfoIZhtbS2Sx5IluJTP/Jf1hz3yGsxGBgSukYY/CquI6rAjxn5H58CZgVn36qcuPPtNMwZ0AUzMg=="
      },
      "Microsoft.EntityFrameworkCore.Relational": {
        "type": "Transitive",
        "resolved": "10.0.4",
        "contentHash": "DOTjTHy93W3TwpMLM4SCm0n57Sc0Jj3+m2S6LSTstKyBB34eT1UouaMS19mpWwvtj42+sRiEjA3+rOTNoNzXFQ==",
        "dependencies": {
          "Microsoft.EntityFrameworkCore": "10.0.4"
        }
      },
      "Microsoft.TestPlatform.ObjectModel": {
        "type": "Transitive",
        "resolved": "17.14.1",
        "contentHash": "xTP1W6Mi6SWmuxd3a+jj9G9UoC850WGwZUps1Wah9r1ZxgXhdJfj1QqDLJkFjHDCvN42qDL2Ps5KjQYWUU0zcQ=="
      },
      "Microsoft.TestPlatform.TestHost": {
        "type": "Transitive",
        "resolved": "17.14.1",
        "contentHash": "d78LPzGKkJwsJXAQwsbJJ7LE7D1wB+rAyhHHAaODF+RDSQ0NgMjDFkSA1Djw18VrxO76GlKAjRUhl+H8NL8Z+Q==",
        "dependencies": {
          "Microsoft.TestPlatform.ObjectModel": "17.14.1",
          "Newtonsoft.Json": "13.0.3"
        }
      },
      "Microsoft.VisualStudio.Azure.Containers.Tools.Targets": {
        "type": "Transitive",
        "resolved": "1.23.0",
        "contentHash": "2wDnb4umupJZ/1ikgWozFVpggH1mlHQFc0odXVv2ZagL3RYwXgW9zmC15fiqIBzmaC0vLZUnLGwDY+p8ZR7Syw=="
      },
      "NATS.Client.Abstractions": {
        "type": "Transitive",
        "resolved": "2.8.0",
        "contentHash": "8LMnewa4bXwwVqjFyEsFp7CA6OK921tvBF1xK1Z+5W+PdLMjsYK2RMrp6fmUQsb7+d5o+GG8SgQV6zdqvZcJFA=="
      },
      "NATS.Client.Core": {
        "type": "Transitive",
        "resolved": "2.8.0",
        "contentHash": "DPu2sd1DuvL0+agx6U2RbXWfWQcmwJTl5vFasxLjqy0tg3Uih7mc6EfsDY1YE9aWeDgSRM4DU4n/UTrlVCP7Pg==",
        "dependencies": {
          "NATS.Client.Abstractions": "2.8.0",
          "NATS.NKeys": "1.0.1"
        }
      },
      "NATS.Client.Hosting": {
        "type": "Transitive",
        "resolved": "2.8.0",
        "contentHash": "yNSIXMHODM3WYGHAR252xqpKPZudy6RAv4AonHSuJs5j+nr/WIGtS7SZ8EJnrWHHDuG5MLuDxXNtz7hvqJHw4g==",
        "dependencies": {
          "NATS.Client.Core": "2.8.0"
        }
      },
      "NATS.Client.KeyValueStore": {
        "type": "Transitive",
        "resolved": "2.8.0",
        "contentHash": "2HfxBLU4HBN/KKJXa5gCI18mQPXE30BvKUuADMQ/TW1mJkLE7e1kcWEq5hMvrhqR/KgX2M0cMBeOCpzKtno9Jg==",
        "dependencies": {
          "NATS.Client.JetStream": "2.8.0"
        }
      },
      "NATS.Client.ObjectStore": {
        "type": "Transitive",
        "resolved": "2.8.0",
        "contentHash": "h0RGiHT7KRU4YNvA6aj6A7Fl5lK6nilz4rK48wb7BIeXthxGZGDdl76gyDbcaiWeK6GE/y41Pg5xadeUntFuOQ==",
        "dependencies": {
          "NATS.Client.JetStream": "2.8.0"
        }
      },
      "NATS.Client.Serializers.Json": {
        "type": "Transitive",
        "resolved": "2.8.0",
        "contentHash": "oDxXCdWgu1DcPDbCtZSGfXMcv0PSY7t8019DD7sdruPhAVa6aDVwWvwfws18SUHJAhPA+AlnMuE5MoA78/Zs2Q==",
        "dependencies": {
          "NATS.Client.Abstractions": "2.8.0"
        }
      },
      "NATS.Client.Services": {
        "type": "Transitive",
        "resolved": "2.8.0",
        "contentHash": "pJElVPZ2+eaBMQ5E2FGLcLh4JcosOCFjlnq2iezuL7nhB5tLFnScTNgMHhUe4xde6cWepqE3nEhFqBNuijSGYg==",
        "dependencies": {
          "NATS.Client.Core": "2.8.0"
        }
      },
      "NATS.Client.Simplified": {
        "type": "Transitive",
        "resolved": "2.8.0",
        "contentHash": "9xJKE6Fb67JCuE0mlQwKzeUTFx7kUPYp8vr8zBII9kJp24OEqgsWIlN7RhXxq8j2daMLcLrr6wn9Dw8KekCqRg==",
        "dependencies": {
          "NATS.Client.Core": "2.8.0",
          "NATS.Client.Serializers.Json": "2.8.0"
        }
      },
      "NATS.Net": {
        "type": "Transitive",
        "resolved": "2.8.0",
        "contentHash": "S53x3Mg53QgCZrdALiNBBemkT11YTYvEaNQ2XGCmekYfXIFS2MZYIoLl0VX9cgo729gD97Kj2rIbKZWzjJvddQ==",
        "dependencies": {
          "NATS.Client.Core": "2.8.0",
          "NATS.Client.Hosting": "2.8.0",
          "NATS.Client.JetStream": "2.8.0",
          "NATS.Client.KeyValueStore": "2.8.0",
          "NATS.Client.ObjectStore": "2.8.0",
          "NATS.Client.Serializers.Json": "2.8.0",
          "NATS.Client.Services": "2.8.0",
          "NATS.Client.Simplified": "2.8.0"
        }
      },
      "NATS.NKeys": {
        "type": "Transitive",
        "resolved": "1.0.1",
        "contentHash": "xtURX0fexmMd10noG3Uc8gFgwaH7QLQxxgdaVoQKFo0+8a4blwe8vPGgY2S5pzeVYcRXyjlIoA4AR4JgtThyjQ=="
      },
      "Newtonsoft.Json": {
        "type": "Transitive",
        "resolved": "13.0.3",
        "contentHash": "HrC5BXdl00IP9zeV+0Z848QWPAoCr9P3bDEZguI+gkLcBKAOxix/tLEAAHC+UvDNPv4a2d18lOReHMOagPa+zQ=="
      },
      "Npgsql.EntityFrameworkCore.PostgreSQL": {
        "type": "Transitive",
        "resolved": "10.0.1",
        "contentHash": "P6EwH0Q4xkaA264iNZDqCPhWt8pscfUGxXazDQg4noBfqjoOlk4hKWfvBjF9ZX3R/9JybRmmJfmxr2iBMj0EpA==",
        "dependencies": {
          "Microsoft.EntityFrameworkCore": "[10.0.4, 11.0.0)",
          "Microsoft.EntityFrameworkCore.Relational": "[10.0.4, 11.0.0)",
          "Npgsql": "10.0.2"
        }
      },
      "OpenTelemetry": {
        "type": "Transitive",
        "resolved": "1.17.0",
        "contentHash": "rMLOTftlMlTm7+MSrvXDHnJRjVkROFNKXHZrYjOsX+LankaFG7QSflx7qRRGjoqZoirohnxmJQ7GEb9occO4Gg==",
        "dependencies": {
          "OpenTelemetry.Api.ProviderBuilderExtensions": "1.17.0"
        }
      },
      "OpenTelemetry.Api": {
        "type": "Transitive",
        "resolved": "1.17.0",
        "contentHash": "mSBxzomZgHIJu9CyVNqyDu/n2JHEtqVgfcCD1Br0cV5iLYogjZOMqhlVLt99PEp+0KGBNUR3GXgeOdN2GR3F9g=="
      },
      "OpenTelemetry.Api.ProviderBuilderExtensions": {
        "type": "Transitive",
        "resolved": "1.17.0",
        "contentHash": "Xgc3Qf9B9TFMFpx6exTdGqMWuYIT2miNzkdMPutVvT9YuMFaEovXWke1Gb6z8NxYaQbbGF38vYLuSg1JCeui5Q==",
        "dependencies": {
          "OpenTelemetry.Api": "1.17.0"
        }
      },
      "OpenTelemetry.Exporter.OpenTelemetryProtocol": {
        "type": "Transitive",
        "resolved": "1.17.0",
        "contentHash": "R1omQOrQpGlS0Cp5UIr/TAiuEA48JrPlgr1NPV5gESiTU7HhWU+ILe2EBSYb1fKdsSavZ7nZkHcUxAzofPqr2A==",
        "dependencies": {
          "OpenTelemetry": "1.17.0"
        }
      },
      "OpenTelemetry.Exporter.Prometheus.AspNetCore": {
        "type": "Transitive",
        "resolved": "1.17.0-beta.1",
        "contentHash": "eecXu43HkY7LFJDutrQ6kpwvUOMDeqLMtU+UeN225ckXw33qN/StTcdW6mTHH1jDSYdFM29vvDXB3jnFwPHkXg==",
        "dependencies": {
          "OpenTelemetry": "[1.17.0, 2.0.0)"
        }
      },
      "OpenTelemetry.Extensions.Hosting": {
        "type": "Transitive",
        "resolved": "1.17.0",
        "contentHash": "t1OwL/4qgboGMobYVT+UV5zgWnFqCp4Pw8lcsmzh8m2K8PQsTKkyxrC32tqYTMYny3GOW4q5cltE3dTVzLmRew==",
        "dependencies": {
          "OpenTelemetry": "1.17.0"
        }
      },
      "OpenTelemetry.Instrumentation.AspNetCore": {
        "type": "Transitive",
        "resolved": "1.17.0",
        "contentHash": "rGbmk1vuy1kvgZmE0ps7Vb99YZvDap6AalrrF60FwnNit1uW/PbeFZj1cpb0T8MPkYmjhBrRJ1/JB6QqXkRjHA==",
        "dependencies": {
          "OpenTelemetry.Api.ProviderBuilderExtensions": "[1.17.0, 2.0.0)"
        }
      },
      "Pipelines.Sockets.Unofficial": {
        "type": "Transitive",
        "resolved": "2.2.8",
        "contentHash": "zG2FApP5zxSx6OcdJQLbZDk2AVlN2BNQD6MorwIfV6gVj0RRxWPEp2LXAxqDGZqeNV1Zp0BNPcNaey/GXmTdvQ=="
      },
      "SharpZipLib": {
        "type": "Transitive",
        "resolved": "1.4.2",
        "contentHash": "yjj+3zgz8zgXpiiC3ZdF/iyTBbz2fFvMxZFEBPUcwZjIvXOf37Ylm+K58hqMfIBt5JgU/Z2uoUS67JmTLe973A=="
      },
      "SSH.NET": {
        "type": "Transitive",
        "resolved": "2024.2.0",
        "contentHash": "9r+4UF2P51lTztpd+H7SJywk7WgmlWB//Cm2o96c6uGVZU5r58ys2/cD9pCgTk0zCdSkfflWL1WtqQ9I4IVO9Q==",
        "dependencies": {
          "BouncyCastle.Cryptography": "2.4.0"
        }
      },
      "StackExchange.Redis": {
        "type": "Transitive",
        "resolved": "2.12.4",
        "contentHash": "KNyzLp0aTcvWSxnbS6rCxX+2e+Q3goXhW80Iu7dwMkCQbENkoBw418I/UpgIxGzmS4gV10a5CdfdY4O0tO9Nrg==",
        "dependencies": {
          "Pipelines.Sockets.Unofficial": "2.2.8",
          "System.IO.Hashing": "10.0.2"
        }
      },
      "System.IO.Hashing": {
        "type": "Transitive",
        "resolved": "10.0.2",
        "contentHash": "AKJknIFi9O3+rGExxTry188JPvUoZAPcCtS2qdqyFhIzsxQ1Ap94BeGDG0VzVEHakhmRxmJtVih6TsHoghIt/g=="
      },
      "Testcontainers": {
        "type": "Transitive",
        "resolved": "4.7.0",
        "contentHash": "Nx4HR4e7XcKV5BVIqYdCpF8PAYFpukZ8QpoBe+sY9FL5q0RDtsy81MElVXIJVO4Wg3Q6j2f39QaF7i+2jf6YjA==",
        "dependencies": {
          "Docker.DotNet.Enhanced": "3.128.5",
          "Docker.DotNet.Enhanced.X509": "3.128.5",
          "SSH.NET": "2024.2.0",
          "SharpZipLib": "1.4.2"
        }
      },
      "xunit.abstractions": {
        "type": "Transitive",
        "resolved": "2.0.3",
        "contentHash": "pot1I4YOxlWjIb5jmwvvQNbTrZ3lJQ+jUGkGjWE3hEFM0l5gOnBWS+H3qsex68s5cO52g+44vpGzhAt+42vwKg=="
      },
      "xunit.analyzers": {
        "type": "Transitive",
        "resolved": "1.18.0",
        "contentHash": "OtFMHN8yqIcYP9wcVIgJrq01AfTxijjAqVDy/WeQVSyrDC1RzBWeQPztL49DN2syXRah8TYnfvk035s7L95EZQ=="
      },
      "xunit.assert": {
        "type": "Transitive",
        "resolved": "2.9.3",
        "contentHash": "/Kq28fCE7MjOV42YLVRAJzRF0WmEqsmflm0cfpMjGtzQ2lR5mYVj1/i0Y8uDAOLczkL3/jArrwehfMD0YogMAA=="
      },
      "xunit.core": {
        "type": "Transitive",
        "resolved": "2.9.3",
        "contentHash": "BiAEvqGvyme19wE0wTKdADH+NloYqikiU0mcnmiNyXaF9HyHmE6sr/3DC5vnBkgsWaE6yPyWszKSPSApWdRVeQ==",
        "dependencies": {
          "xunit.extensibility.core": "[2.9.3]",
          "xunit.extensibility.execution": "[2.9.3]"
        }
      },
      "xunit.extensibility.core": {
        "type": "Transitive",
        "resolved": "2.9.3",
        "contentHash": "kf3si0YTn2a8J8eZNb+zFpwfoyvIrQ7ivNk5ZYA5yuYk1bEtMe4DxJ2CF/qsRgmEnDr7MnW1mxylBaHTZ4qErA==",
        "dependencies": {
          "xunit.abstractions": "2.0.3"
        }
      },
      "xunit.extensibility.execution": {
        "type": "Transitive",
        "resolved": "2.9.3",
        "contentHash": "yMb6vMESlSrE3Wfj7V6cjQ3S4TXdXpRqYeNEI3zsX31uTsGMJjEw6oD5F5u1cHnMptjhEECnmZSsPxB6ChZHDQ==",
        "dependencies": {
          "xunit.extensibility.core": "[2.9.3]"
        }
      },
      "ChatApp.Realtime.Contracts": {
        "type": "Project"
      },
      "chatapp.realtime.infrastructure.core": {
        "type": "Project",
        "dependencies": {
          "ChatApp.Realtime.Contracts": "[2.3.0, )"
        }
      },
      "chatapp.realtime.infrastructure.nats": {
        "type": "Project",
        "dependencies": {
          "ChatApp.Realtime.Infrastructure.Core": "[1.0.0, )",
          "ChatApp.Realtime.Integration": "[2.4.0, )",
          "NATS.Client.JetStream": "[2.8.0, )",
          "NATS.Net": "[2.8.0, )"
        }
      },
      "chatapp.realtime.infrastructure.postgres": {
        "type": "Project",
        "dependencies": {
          "ChatApp.Realtime.Infrastructure.Core": "[1.0.0, )",
          "Microsoft.EntityFrameworkCore": "[10.0.5, )",
          "Npgsql": "[10.0.2, )",
          "Npgsql.EntityFrameworkCore.PostgreSQL": "[10.0.1, )"
        }
      },
      "chatapp.realtime.infrastructure.redis": {
        "type": "Project",
        "dependencies": {
          "ChatApp.Realtime.Infrastructure.Core": "[1.0.0, )",
          "StackExchange.Redis": "[2.12.4, )"
        }
      },
      "chatapp.realtime.integration": {
        "type": "Project",
        "dependencies": {
          "ChatApp.Realtime.Contracts": "[2.3.0, )",
          "NATS.Client.JetStream": "[2.8.0, )"
        }
      },
      "chatapp.realtimeservices": {
        "type": "Project",
        "dependencies": {
          "ChatApp.Realtime.Contracts": "[2.3.0, )",
          "ChatApp.Realtime.Infrastructure.Core": "[1.0.0, )",
          "ChatApp.Realtime.Infrastructure.Nats": "[1.0.0, )",
          "ChatApp.Realtime.Infrastructure.Postgres": "[1.0.0, )",
          "ChatApp.Realtime.Infrastructure.Redis": "[1.0.0, )",
          "Microsoft.VisualStudio.Azure.Containers.Tools.Targets": "[1.23.0, )",
          "OpenTelemetry.Exporter.OpenTelemetryProtocol": "[1.17.0, )",
          "OpenTelemetry.Exporter.Prometheus.AspNetCore": "[1.17.0-beta.1, )",
          "OpenTelemetry.Extensions.Hosting": "[1.17.0, )",
          "OpenTelemetry.Instrumentation.AspNetCore": "[1.17.0, )"
        }
      }
    }
  }
}